
Microsoft Visual Studio Solution File, Format Version 12.00
# 
Project("{FAE04EC0-301F-11D3-BF4B-00C04F79EFBC}") = "BattleShip", "BattleShip\BattleShip.csproj", "{17D7E9CB-9E44-4B20-B4E4-0B484430BDC3}"
EndProject
Project("{FAE04EC0-301F-11D3-BF4B-00C04F79EFBC}") = "BattleShip.APP", "BattleShip.APP\BattleShip.APP.csproj", "{054A9D09-FFF3-4AB6-B2F9-D2F6A16F2722}"
EndProject
Project("{FAE04EC0-301F-11D3-BF4B-00C04F79EFBC}") = "BattleShip.API", "BattleShip.API\BattleShip.API.csproj", "{96D87B31-72C4-4995-A8B1-FD3639CF9044}"
EndProject
Project("{FAE04EC0-301F-11D3-BF4B-00C04F79EFBC}") = "BattleShip.Models", "BattleShip.Models\BattleShip.Models.csproj", "{C22A314D-8977-4C3A-94CC-9BFAC534679B}"
EndProject
Global
	GlobalSection(SolutionConfigurationPlatforms) = preSolution
		Debug|Any CPU = Debug|Any CPU
		Release|Any CPU = Release|Any CPU
	EndGlobalSection
	GlobalSection(ProjectConfigurationPlatforms) = postSolution
		{17D7E9CB-9E44-4B20-B4E4-0B484430BDC3}.Debug|Any CPU.ActiveCfg = Debug|Any CPU
		{17D7E9CB-9E44-4B20-B4E4-0B484430BDC3}.Debug|Any CPU.Build.0 = Debug|Any CPU
		{17D7E9CB-9E44-4B20-B4E4-0B484430BDC3}.Release|Any CPU.ActiveCfg = Release|Any CPU
		{17D7E9CB-9E44-4B20-B4E4-0B484430BDC3}.Release|Any CPU.Build.0 = Release|Any CPU
		{054A9D09-FFF3-4AB6-B2F9-D2F6A16F2722}.Debug|Any CPU.ActiveCfg = Debug|Any CPU
		{054A9D09-FFF3-4AB6-B2F9-D2F6A16F2722}.Debug|Any CPU.Build.0 = Debug|Any CPU
		{054A9D09-FFF3-4AB6-B2F9-D2F6A16F2722}.Release|Any CPU.ActiveCfg = Release|Any CPU
		{054A9D09-FFF3-4AB6-B2F9-D2F6A16F2722}.Release|Any CPU.Build.0 = Release|Any CPU
		{96D87B31-72C4-4995-A8B1-FD3639CF9044}.Debug|Any CPU.ActiveCfg = Debug|Any CPU
		{96D87B31-72C4-4995-A8B1-FD3639CF9044}.Debug|Any CPU.Build.0 = Debug|Any CPU
		{96D87B31-72C4-4995-A8B1-FD3639CF9044}.Release|Any CPU.ActiveCfg = Release|Any CPU
		{96D87B31-72C4-4995-A8B1-FD3639CF9044}.Release|Any CPU.Build.0 = Release|Any CPU
		{C22A314D-8977-4C3A-94CC-9BFAC534679B}.Debug|Any CPU.ActiveCfg = Debug|Any CPU
		{C22A314D-8977-4C3A-94CC-9BFAC534679B}.Debug|Any CPU.Build.0 = Debug|Any CPU
		{C22A314D-8977-4C3A-94CC-9BFAC534679B}.Release|Any CPU.ActiveCfg = Release|Any CPU
		{C22A314D-8977-4C3A-94CC-9BFAC534679B}.Release|Any CPU.Build.0 = Release|Any CPU
	EndGlobalSection
EndGlobal
